
Microsoft Visual Studio Solution File, Format Version 12.00
# Visual Studio Version 17
VisualStudioVersion = 17.14.36212.18 d17.14
MinimumVisualStudioVersion = 10.0.40219.1
Project("{FAE04EC0-301F-11D3-BF4B-00C04F79EFBC}") = "qtec.infrastructure", "qtec.infrastructure\qtec.infrastructure.csproj", "{134E0E79-7894-44C0-95C8-09BA07E23620}"
EndProject
Project("{FAE04EC0-301F-11D3-BF4B-00C04F79EFBC}") = "qtec.domain", "qtec.domain\qtec.domain.csproj", "{DE337D2E-0DA4-4D98-A9AF-335D2A99A06C}"
EndProject
Project("{FAE04EC0-301F-11D3-BF4B-00C04F79EFBC}") = "qtec.application", "qtec.application\qtec.application.csproj", "{2EF7A8EA-A2FF-4B56-B7F8-CBC1C2B7E32B}"
EndProject
Project("{FAE04EC0-301F-11D3-BF4B-00C04F79EFBC}") = "qtec.api", "qtec.api\qtec.api.csproj", "{EB357013-7EA4-40FE-B8C0-71B6FFCAFA1B}"
EndProject
Global
	GlobalSection(SolutionConfigurationPlatforms) = preSolution
		Debug|Any CPU = Debug|Any CPU
		Release|Any CPU = Release|Any CPU
	EndGlobalSection
	GlobalSection(ProjectConfigurationPlatforms) = postSolution
		{134E0E79-7894-44C0-95C8-09BA07E23620}.Debug|Any CPU.ActiveCfg = Debug|Any CPU
		{134E0E79-7894-44C0-95C8-09BA07E23620}.Debug|Any CPU.Build.0 = Debug|Any CPU
		{134E0E79-7894-44C0-95C8-09BA07E23620}.Release|Any CPU.ActiveCfg = Release|Any CPU
		{134E0E79-7894-44C0-95C8-09BA07E23620}.Release|Any CPU.Build.0 = Release|Any CPU
		{DE337D2E-0DA4-4D98-A9AF-335D2A99A06C}.Debug|Any CPU.ActiveCfg = Debug|Any CPU
		{DE337D2E-0DA4-4D98-A9AF-335D2A99A06C}.Debug|Any CPU.Build.0 = Debug|Any CPU
		{DE337D2E-0DA4-4D98-A9AF-335D2A99A06C}.Release|Any CPU.ActiveCfg = Release|Any CPU
		{DE337D2E-0DA4-4D98-A9AF-335D2A99A06C}.Release|Any CPU.Build.0 = Release|Any CPU
		{2EF7A8EA-A2FF-4B56-B7F8-CBC1C2B7E32B}.Debug|Any CPU.ActiveCfg = Debug|Any CPU
		{2EF7A8EA-A2FF-4B56-B7F8-CBC1C2B7E32B}.Debug|Any CPU.Build.0 = Debug|Any CPU
		{2EF7A8EA-A2FF-4B56-B7F8-CBC1C2B7E32B}.Release|Any CPU.ActiveCfg = Release|Any CPU
		{2EF7A8EA-A2FF-4B56-B7F8-CBC1C2B7E32B}.Release|Any CPU.Build.0 = Release|Any CPU
		{EB357013-7EA4-40FE-B8C0-71B6FFCAFA1B}.Debug|Any CPU.ActiveCfg = Debug|Any CPU
		{EB357013-7EA4-40FE-B8C0-71B6FFCAFA1B}.Debug|Any CPU.Build.0 = Debug|Any CPU
		{EB357013-7EA4-40FE-B8C0-71B6FFCAFA1B}.Release|Any CPU.ActiveCfg = Release|Any CPU
		{EB357013-7EA4-40FE-B8C0-71B6FFCAFA1B}.Release|Any CPU.Build.0 = Release|Any CPU
	EndGlobalSection
	GlobalSection(SolutionProperties) = preSolution
		HideSolutionNode = FALSE
	EndGlobalSection
	GlobalSection(ExtensibilityGlobals) = postSolution
		SolutionGuid = {D379F849-8CAC-477B-BC41-9351A8D091F7}
	EndGlobalSection
EndGlobal
